
Microsoft Visual Studio Solution File, Format Version 12.00
# Visual Studio Version 17
VisualStudioVersion = 17.4.33213.308
MinimumVisualStudioVersion = 10.0.40219.1
Project("{FAE04EC0-301F-11D3-BF4B-00C04F79EFBC}") = "week8", "week8\week8.csproj", "{AC3995E0-8099-4226-85FE-A170BC25D59F}"
EndProject
Global
	GlobalSection(SolutionConfigurationPlatforms) = preSolution
		Debug|Any CPU = Debug|Any CPU
		Release|Any CPU = Release|Any CPU
	EndGlobalSection
	GlobalSection(ProjectConfigurationPlatforms) = postSolution
		{AC3995E0-8099-4226-85FE-A170BC25D59F}.Debug|Any CPU.ActiveCfg = Debug|Any CPU
		{AC3995E0-8099-4226-85FE-A170BC25D59F}.Debug|Any CPU.Build.0 = Debug|Any CPU
		{AC3995E0-8099-4226-85FE-A170BC25D59F}.Release|Any CPU.ActiveCfg = Release|Any CPU
		{AC3995E0-8099-4226-85FE-A170BC25D59F}.Release|Any CPU.Build.0 = Release|Any CPU
	EndGlobalSection
	GlobalSection(SolutionProperties) = preSolution
		HideSolutionNode = FALSE
	EndGlobalSection
	GlobalSection(ExtensibilityGlobals) = postSolution
		SolutionGuid = {94538691-4B7C-4D8B-834F-14E9A2288B4D}
	EndGlobalSection
EndGlobal
